
Microsoft Visual Studio Solution File, Format Version 12.00
# Visual Studio 15
VisualStudioVersion = 15.0.28307.779
MinimumVisualStudioVersion = 10.0.40219.1
Project("{FAE04EC0-301F-11D3-BF4B-00C04F79EFBC}") = "LogMicroservice", "LogMicroservice\LogMicroservice.csproj", "{D95D88AC-186F-4F61-9BEF-36F30BF3676C}"
EndProject
Project("{FAE04EC0-301F-11D3-BF4B-00C04F79EFBC}") = "LogMicroservice.DataAccess", "LogMicroservice.DataAccess\LogMicroservice.DataAccess.csproj", "{2E2CAB58-CD2C-4EE5-B7C5-9AC4194E2449}"
EndProject
Project("{FAE04EC0-301F-11D3-BF4B-00C04F79EFBC}") = "LogMicroservice.Config", "LogMicroservice.Config\LogMicroservice.Config.csproj", "{597A6743-83BB-4E5A-ACFC-2B2F96CFCFAF}"
EndProject
Global
	GlobalSection(SolutionConfigurationPlatforms) = preSolution
		Debug|Any CPU = Debug|Any CPU
		Release|Any CPU = Release|Any CPU
	EndGlobalSection
	GlobalSection(ProjectConfigurationPlatforms) = postSolution
		{D95D88AC-186F-4F61-9BEF-36F30BF3676C}.Debug|Any CPU.ActiveCfg = Debug|Any CPU
		{D95D88AC-186F-4F61-9BEF-36F30BF3676C}.Debug|Any CPU.Build.0 = Debug|Any CPU
		{D95D88AC-186F-4F61-9BEF-36F30BF3676C}.Release|Any CPU.ActiveCfg = Release|Any CPU
		{D95D88AC-186F-4F61-9BEF-36F30BF3676C}.Release|Any CPU.Build.0 = Release|Any CPU
		{2E2CAB58-CD2C-4EE5-B7C5-9AC4194E2449}.Debug|Any CPU.ActiveCfg = Debug|Any CPU
		{2E2CAB58-CD2C-4EE5-B7C5-9AC4194E2449}.Debug|Any CPU.Build.0 = Debug|Any CPU
		{2E2CAB58-CD2C-4EE5-B7C5-9AC4194E2449}.Release|Any CPU.ActiveCfg = Release|Any CPU
		{2E2CAB58-CD2C-4EE5-B7C5-9AC4194E2449}.Release|Any CPU.Build.0 = Release|Any CPU
		{597A6743-83BB-4E5A-ACFC-2B2F96CFCFAF}.Debug|Any CPU.ActiveCfg = Debug|Any CPU
		{597A6743-83BB-4E5A-ACFC-2B2F96CFCFAF}.Debug|Any CPU.Build.0 = Debug|Any CPU
		{597A6743-83BB-4E5A-ACFC-2B2F96CFCFAF}.Release|Any CPU.ActiveCfg = Release|Any CPU
		{597A6743-83BB-4E5A-ACFC-2B2F96CFCFAF}.Release|Any CPU.Build.0 = Release|Any CPU
	EndGlobalSection
	GlobalSection(SolutionProperties) = preSolution
		HideSolutionNode = FALSE
	EndGlobalSection
	GlobalSection(ExtensibilityGlobals) = postSolution
		SolutionGuid = {126B066C-3DC1-4BEF-96D0-81CD11737878}
	EndGlobalSection
EndGlobal
